
Microsoft Visual Studio Solution File, Format Version 12.00
# Visual Studio Version 16
VisualStudioVersion = 16.0.30309.148
MinimumVisualStudioVersion = 10.0.40219.1
Project("{9A19103F-16F7-4668-BE54-9A1E7A4F7556}") = "BlazingPizza.Server", "Server\BlazingPizza.Server.csproj", "{8AECD6E9-9481-421A-A270-462D9A30A490}"
EndProject
Project("{9A19103F-16F7-4668-BE54-9A1E7A4F7556}") = "BlazingPizza.Client", "Client\BlazingPizza.Client.csproj", "{2633909E-B4DB-4CD6-B695-26B2032EFF70}"
EndProject
Project("{9A19103F-16F7-4668-BE54-9A1E7A4F7556}") = "BlazingPizza.Shared", "Shared\BlazingPizza.Shared.csproj", "{ED9E04CD-8EBD-4959-8542-A87E42762544}"
EndProject
Project("{9A19103F-16F7-4668-BE54-9A1E7A4F7556}") = "BlazingPizza.ComponentsLibrary", "BlazingPizza.ComponentsLibrary\BlazingPizza.ComponentsLibrary.csproj", "{87A77CE2-6BA3-4ECC-9D6B-78C02F36E7D9}"
EndProject
Project("{FAE04EC0-301F-11D3-BF4B-00C04F79EFBC}") = "BlazingPizza.TemplatedComponents", "BlazingPizza.TemplatedComponents\BlazingPizza.TemplatedComponents.csproj", "{CD8C9082-C649-4077-9DDD-597C3ED4B32C}"
EndProject
Global
	GlobalSection(SolutionConfigurationPlatforms) = preSolution
		Debug|Any CPU = Debug|Any CPU
		Release|Any CPU = Release|Any CPU
	EndGlobalSection
	GlobalSection(ProjectConfigurationPlatforms) = postSolution
		{8AECD6E9-9481-421A-A270-462D9A30A490}.Debug|Any CPU.ActiveCfg = Debug|Any CPU
		{8AECD6E9-9481-421A-A270-462D9A30A490}.Debug|Any CPU.Build.0 = Debug|Any CPU
		{8AECD6E9-9481-421A-A270-462D9A30A490}.Release|Any CPU.ActiveCfg = Release|Any CPU
		{8AECD6E9-9481-421A-A270-462D9A30A490}.Release|Any CPU.Build.0 = Release|Any CPU
		{2633909E-B4DB-4CD6-B695-26B2032EFF70}.Debug|Any CPU.ActiveCfg = Debug|Any CPU
		{2633909E-B4DB-4CD6-B695-26B2032EFF70}.Debug|Any CPU.Build.0 = Debug|Any CPU
		{2633909E-B4DB-4CD6-B695-26B2032EFF70}.Release|Any CPU.ActiveCfg = Release|Any CPU
		{2633909E-B4DB-4CD6-B695-26B2032EFF70}.Release|Any CPU.Build.0 = Release|Any CPU
		{ED9E04CD-8EBD-4959-8542-A87E42762544}.Debug|Any CPU.ActiveCfg = Debug|Any CPU
		{ED9E04CD-8EBD-4959-8542-A87E42762544}.Debug|Any CPU.Build.0 = Debug|Any CPU
		{ED9E04CD-8EBD-4959-8542-A87E42762544}.Release|Any CPU.ActiveCfg = Release|Any CPU
		{ED9E04CD-8EBD-4959-8542-A87E42762544}.Release|Any CPU.Build.0 = Release|Any CPU
		{87A77CE2-6BA3-4ECC-9D6B-78C02F36E7D9}.Debug|Any CPU.ActiveCfg = Debug|Any CPU
		{87A77CE2-6BA3-4ECC-9D6B-78C02F36E7D9}.Debug|Any CPU.Build.0 = Debug|Any CPU
		{87A77CE2-6BA3-4ECC-9D6B-78C02F36E7D9}.Release|Any CPU.ActiveCfg = Release|Any CPU
		{87A77CE2-6BA3-4ECC-9D6B-78C02F36E7D9}.Release|Any CPU.Build.0 = Release|Any CPU
		{CD8C9082-C649-4077-9DDD-597C3ED4B32C}.Debug|Any CPU.ActiveCfg = Debug|Any CPU
		{CD8C9082-C649-4077-9DDD-597C3ED4B32C}.Debug|Any CPU.Build.0 = Debug|Any CPU
		{CD8C9082-C649-4077-9DDD-597C3ED4B32C}.Release|Any CPU.ActiveCfg = Release|Any CPU
		{CD8C9082-C649-4077-9DDD-597C3ED4B32C}.Release|Any CPU.Build.0 = Release|Any CPU
	EndGlobalSection
	GlobalSection(SolutionProperties) = preSolution
		HideSolutionNode = FALSE
	EndGlobalSection
	GlobalSection(ExtensibilityGlobals) = postSolution
		SolutionGuid = {ECD85362-4CFD-42A1-B2A0-CBE866BA20F3}
	EndGlobalSection
EndGlobal
